# This file is automatically @generated by Cargo.
# It is not intended for manual editing.
version = 3

[[package]]
name = "rust_fish_chess_engine"
version = "0.1.4"
dependencies = [
 "uuid",
]

[[package]]
name = "uuid"
version = "1.14.0"
source = "registry+https://github.com/rust-lang/crates.io-index"
checksum = "93d59ca99a559661b96bf898d8fce28ed87935fd2bea9f05983c1464dd6c71b1"
