# This file is automatically @generated by Cargo.
# It is not intended for manual editing.
version = 3

[[package]]
name = "rust_fish_chess_engine"
version = "0.1.3"
dependencies = [
 "uuid",
]

[[package]]
name = "uuid"
version = "1.13.2"
source = "registry+https://github.com/rust-lang/crates.io-index"
checksum = "8c1f41ffb7cf259f1ecc2876861a17e7142e63ead296f671f81f6ae85903e0d6"
